
Microsoft Visual Studio Solution File, Format Version 12.00
# Visual Studio Version 16
VisualStudioVersion = 16.0.31911.196
MinimumVisualStudioVersion = 10.0.40219.1
Project("{FAE04EC0-301F-11D3-BF4B-00C04F79EFBC}") = "PropertiesTask", "PropertiesTask.csproj", "{0B7B20B4-0A83-4618-B87F-C1F4E4C4DD70}"
EndProject
Global
	GlobalSection(SolutionConfigurationPlatforms) = preSolution
		Debug|Any CPU = Debug|Any CPU
		Release|Any CPU = Release|Any CPU
	EndGlobalSection
	GlobalSection(ProjectConfigurationPlatforms) = postSolution
		{0B7B20B4-0A83-4618-B87F-C1F4E4C4DD70}.Debug|Any CPU.ActiveCfg = Debug|Any CPU
		{0B7B20B4-0A83-4618-B87F-C1F4E4C4DD70}.Debug|Any CPU.Build.0 = Debug|Any CPU
		{0B7B20B4-0A83-4618-B87F-C1F4E4C4DD70}.Release|Any CPU.ActiveCfg = Release|Any CPU
		{0B7B20B4-0A83-4618-B87F-C1F4E4C4DD70}.Release|Any CPU.Build.0 = Release|Any CPU
	EndGlobalSection
	GlobalSection(SolutionProperties) = preSolution
		HideSolutionNode = FALSE
	EndGlobalSection
	GlobalSection(ExtensibilityGlobals) = postSolution
		SolutionGuid = {F1502B18-1DED-497A-8D2A-13C6A3F44B89}
	EndGlobalSection
EndGlobal
